
Microsoft Visual Studio Solution File, Format Version 12.00
# Visual Studio Version 17
VisualStudioVersion = 17.2.32630.192
MinimumVisualStudioVersion = 10.0.40219.1
Project("{FAE04EC0-301F-11D3-BF4B-00C04F79EFBC}") = "wMenuPrincipalMDI", "wMenuPrincipalMDI.csproj", "{5A5369B9-07B3-40B2-9797-BBD6F65551DF}"
EndProject
Global
	GlobalSection(SolutionConfigurationPlatforms) = preSolution
		Debug|Any CPU = Debug|Any CPU
		Release|Any CPU = Release|Any CPU
	EndGlobalSection
	GlobalSection(ProjectConfigurationPlatforms) = postSolution
		{5A5369B9-07B3-40B2-9797-BBD6F65551DF}.Debug|Any CPU.ActiveCfg = Debug|Any CPU
		{5A5369B9-07B3-40B2-9797-BBD6F65551DF}.Debug|Any CPU.Build.0 = Debug|Any CPU
		{5A5369B9-07B3-40B2-9797-BBD6F65551DF}.Release|Any CPU.ActiveCfg = Release|Any CPU
		{5A5369B9-07B3-40B2-9797-BBD6F65551DF}.Release|Any CPU.Build.0 = Release|Any CPU
	EndGlobalSection
	GlobalSection(SolutionProperties) = preSolution
		HideSolutionNode = FALSE
	EndGlobalSection
	GlobalSection(ExtensibilityGlobals) = postSolution
		SolutionGuid = {2EAECEC6-E8F6-4306-9863-0BC78D6E83B0}
	EndGlobalSection
EndGlobal
